
Microsoft Visual Studio Solution File, Format Version 12.00
# Visual Studio Version 16
VisualStudioVersion = 16.0.29102.190
MinimumVisualStudioVersion = 10.0.40219.1
Project("{FAE04EC0-301F-11D3-BF4B-00C04F79EFBC}") = "NyaSync", "NyaSync.csproj", "{1BB83079-8EDE-40EB-ABD2-2DED9F35F4C1}"
EndProject
Project("{FAE04EC0-301F-11D3-BF4B-00C04F79EFBC}") = "NyaSyncCLI", "NyaSyncCLI\NyaSyncCLI.csproj", "{DFC25008-0FFD-447D-B796-271C70374FBF}"
EndProject
Global
	GlobalSection(SolutionConfigurationPlatforms) = preSolution
		Debug|Any CPU = Debug|Any CPU
		Release|Any CPU = Release|Any CPU
	EndGlobalSection
	GlobalSection(ProjectConfigurationPlatforms) = postSolution
		{1BB83079-8EDE-40EB-ABD2-2DED9F35F4C1}.Debug|Any CPU.ActiveCfg = Debug|Any CPU
		{1BB83079-8EDE-40EB-ABD2-2DED9F35F4C1}.Debug|Any CPU.Build.0 = Debug|Any CPU
		{1BB83079-8EDE-40EB-ABD2-2DED9F35F4C1}.Release|Any CPU.ActiveCfg = Release|Any CPU
		{1BB83079-8EDE-40EB-ABD2-2DED9F35F4C1}.Release|Any CPU.Build.0 = Release|Any CPU
		{DFC25008-0FFD-447D-B796-271C70374FBF}.Debug|Any CPU.ActiveCfg = Debug|Any CPU
		{DFC25008-0FFD-447D-B796-271C70374FBF}.Debug|Any CPU.Build.0 = Debug|Any CPU
		{DFC25008-0FFD-447D-B796-271C70374FBF}.Release|Any CPU.ActiveCfg = Release|Any CPU
		{DFC25008-0FFD-447D-B796-271C70374FBF}.Release|Any CPU.Build.0 = Release|Any CPU
	EndGlobalSection
	GlobalSection(SolutionProperties) = preSolution
		HideSolutionNode = FALSE
	EndGlobalSection
	GlobalSection(ExtensibilityGlobals) = postSolution
		SolutionGuid = {05286261-80D1-4596-A501-53383B71FAD9}
	EndGlobalSection
EndGlobal
